<?xml version="1.0" encoding="utf-8"?>
<Project ToolsVersion="4.0" xmlns="http://schemas.microsoft.com/developer/msbuild/2003">
  <ItemGroup>
    <Filter Include="Source Files">
      <UniqueIdentifier>{4FC737F1-C7A5-4376-A066-2A32D752A2FF}</UniqueIdentifier>
      <Extensions>cpp;c;cc;cxx;def;odl;idl;hpj;bat;asm;asmx</Extensions>
    </Filter>
    <Filter Include="Header Files">
      <UniqueIdentifier>{93995380-89BD-4b04-88EB-625FBE52EBFB}</UniqueIdentifier>
      <Extensions>h;hh;hpp;hxx;hm;inl;inc;xsd</Extensions>
    </Filter>
    <Filter Include="Resource Files">
      <UniqueIdentifier>{67DA6AB6-F800-4c08-8B7A-83BB121AAD01}</UniqueIdentifier>
      <Extensions>rc;ico;cur;bmp;dlg;rc2;rct;bin;rgs;gif;jpg;jpeg;jpe;resx;tiff;tif;png;wav;mfcribbon-ms</Extensions>
    </Filter>
  </ItemGroup>
  <ItemGroup>
    <None Include="GuitarLooper.ino" />
  </ItemGroup>
  <ItemGroup>
    <ClInclude Include="__vm\.GuitarLooper.vsarduino.h">
      <Filter>Header Files</Filter>
    </ClInclude>
    <ClInclude Include="AudioCore.h">
      <Filter>Header Files</Filter>
    </ClInclude>
    <ClInclude Include="Channel.h">
      <Filter>Header Files</Filter>
    </ClInclude>
    <ClInclude Include="DisplayCore.h">
      <Filter>Header Files</Filter>
    </ClInclude>
    <ClInclude Include="DrumChannel.h">
      <Filter>Header Files</Filter>
    </ClInclude>
    <ClInclude Include="Engine.h">
      <Filter>Header Files</Filter>
    </ClInclude>
    <ClInclude Include="Enums.h">
      <Filter>Header Files</Filter>
    </ClInclude>
    <ClInclude Include="Equalizer.h">
      <Filter>Header Files</Filter>
    </ClInclude>
    <ClInclude Include="HardwareCore.h">
      <Filter>Header Files</Filter>
    </ClInclude>
    <ClInclude Include="InputLeft.h">
      <Filter>Header Files</Filter>
    </ClInclude>
    <ClInclude Include="knobs.h">
      <Filter>Header Files</Filter>
    </ClInclude>
    <ClInclude Include="LooperChannel.h">
      <Filter>Header Files</Filter>
    </ClInclude>
    <ClInclude Include="Mixer.h">
      <Filter>Header Files</Filter>
    </ClInclude>
    <ClInclude Include="picture.h">
      <Filter>Header Files</Filter>
    </ClInclude>
    <ClInclude Include="SequencerClass.h">
      <Filter>Header Files</Filter>
    </ClInclude>
    <ClInclude Include="SongLoader.h">
      <Filter>Header Files</Filter>
    </ClInclude>
    <ClInclude Include="WavePlayer.h">
      <Filter>Header Files</Filter>
    </ClInclude>
  </ItemGroup>
  <ItemGroup>
    <ClCompile Include="AudioCore.cpp">
      <Filter>Source Files</Filter>
    </ClCompile>
    <ClCompile Include="base.c">
      <Filter>Source Files</Filter>
    </ClCompile>
    <ClCompile Include="buttons.c">
      <Filter>Source Files</Filter>
    </ClCompile>
    <ClCompile Include="Channel.cpp">
      <Filter>Source Files</Filter>
    </ClCompile>
    <ClCompile Include="DisplayCore.cpp">
      <Filter>Source Files</Filter>
    </ClCompile>
    <ClCompile Include="DrumChannel.cpp">
      <Filter>Source Files</Filter>
    </ClCompile>
    <ClCompile Include="Engine.cpp">
      <Filter>Source Files</Filter>
    </ClCompile>
    <ClCompile Include="Equalizer.cpp">
      <Filter>Source Files</Filter>
    </ClCompile>
    <ClCompile Include="HardwareCore.cpp">
      <Filter>Source Files</Filter>
    </ClCompile>
    <ClCompile Include="InputLeft.cpp">
      <Filter>Source Files</Filter>
    </ClCompile>
    <ClCompile Include="knobs.c">
      <Filter>Source Files</Filter>
    </ClCompile>
    <ClCompile Include="LooperChannel.cpp">
      <Filter>Source Files</Filter>
    </ClCompile>
    <ClCompile Include="Mixer.cpp">
      <Filter>Source Files</Filter>
    </ClCompile>
    <ClCompile Include="SequencerClass.cpp">
      <Filter>Source Files</Filter>
    </ClCompile>
    <ClCompile Include="SongLoader.cpp">
      <Filter>Source Files</Filter>
    </ClCompile>
    <ClCompile Include="WavePlayer.cpp">
      <Filter>Source Files</Filter>
    </ClCompile>
  </ItemGroup>
</Project>